
Microsoft Visual Studio Solution File, Format Version 12.00
# Visual Studio Version 16
VisualStudioVersion = 16.0.31025.194
MinimumVisualStudioVersion = 10.0.40219.1
Project("{FAE04EC0-301F-11D3-BF4B-00C04F79EFBC}") = "BowlingApp", "BowlingApp.csproj", "{96A2B108-FBB0-4EF9-80B1-B7FFAAC37E24}"
EndProject
Global
	GlobalSection(SolutionConfigurationPlatforms) = preSolution
		Debug|Any CPU = Debug|Any CPU
		Release|Any CPU = Release|Any CPU
	EndGlobalSection
	GlobalSection(ProjectConfigurationPlatforms) = postSolution
		{96A2B108-FBB0-4EF9-80B1-B7FFAAC37E24}.Debug|Any CPU.ActiveCfg = Debug|Any CPU
		{96A2B108-FBB0-4EF9-80B1-B7FFAAC37E24}.Debug|Any CPU.Build.0 = Debug|Any CPU
		{96A2B108-FBB0-4EF9-80B1-B7FFAAC37E24}.Release|Any CPU.ActiveCfg = Release|Any CPU
		{96A2B108-FBB0-4EF9-80B1-B7FFAAC37E24}.Release|Any CPU.Build.0 = Release|Any CPU
	EndGlobalSection
	GlobalSection(SolutionProperties) = preSolution
		HideSolutionNode = FALSE
	EndGlobalSection
	GlobalSection(ExtensibilityGlobals) = postSolution
		SolutionGuid = {A17D477B-0E4F-46D2-8698-9C16D01CEB1B}
	EndGlobalSection
EndGlobal
